// !$*UTF8*$!
{
	archiveVersion = 1;
	classes = {
	};
	objectVersion = 46;
	objects = {

/* Begin PBXBuildFile section */
		86CF1E491C74DE9500AA3DBA /* AppDelegate.swift in Sources */ = {isa = PBXBuildFile; fileRef = 86CF1E481C74DE9500AA3DBA /* AppDelegate.swift */; };
		86CF1E4B1C74DE9500AA3DBA /* ViewController.swift in Sources */ = {isa = PBXBuildFile; fileRef = 86CF1E4A1C74DE9500AA3DBA /* ViewController.swift */; };
		86CF1E4E1C74DE9500AA3DBA /* Main.storyboard in Resources */ = {isa = PBXBuildFile; fileRef = 86CF1E4C1C74DE9500AA3DBA /* Main.storyboard */; };
		86CF1E501C74DE9500AA3DBA /* Assets.xcassets in Resources */ = {isa = PBXBuildFile; fileRef = 86CF1E4F1C74DE9500AA3DBA /* Assets.xcassets */; };
		86CF1E531C74DE9500AA3DBA /* LaunchScreen.storyboard in Resources */ = {isa = PBXBuildFile; fileRef = 86CF1E511C74DE9500AA3DBA /* LaunchScreen.storyboard */; };
/* End PBXBuildFile section */

/* Begin PBXFileReference section */
		86CF1E451C74DE9500AA3DBA /* tapper.app */ = {isa = PBXFileReference; explicitFileType = wrapper.application; includeInIndex = 0; path = tapper.app; sourceTree = BUILT_PRODUCTS_DIR; };
		86CF1E481C74DE9500AA3DBA /* AppDelegate.swift */ = {isa = PBXFileReference; lastKnownFileType = sourcecode.swift; path = AppDelegate.swift; sourceTree = "<group>"; };
		86CF1E4A1C74DE9500AA3DBA /* ViewController.swift */ = {isa = PBXFileReference; lastKnownFileType = sourcecode.swift; path = ViewController.swift; sourceTree = "<group>"; };
		86CF1E4D1C74DE9500AA3DBA /* Base */ = {isa = PBXFileReference; lastKnownFileType = file.storyboard; name = Base; path = Base.lproj/Main.storyboard; sourceTree = "<group>"; };
		86CF1E4F1C74DE9500AA3DBA /* Assets.xcassets */ = {isa = PBXFileReference; lastKnownFileType = folder.assetcatalog; path = Assets.xcassets; sourceTree = "<group>"; };
		86CF1E521C74DE9500AA3DBA /* Base */ = {isa = PBXFileReference; lastKnownFileType = file.storyboard; name = Base; path = Base.lproj/LaunchScreen.storyboard; sourceTree = "<group>"; };
		86CF1E541C74DE9500AA3DBA /* Info.plist */ = {isa = PBXFileReference; lastKnownFileType = text.plist.xml; path = Info.plist; sourceTree = "<group>"; };
/* End PBXFileReference section */

/* Begin PBXFrameworksBuildPhase section */
		86CF1E421C74DE9500AA3DBA /* Frameworks */ = {
			isa = PBXFrameworksBuildPhase;
			buildActionMask = 2147483647;
			files = (
			);
			runOnlyForDeploymentPostprocessing = 0;
		};
/* End PBXFrameworksBuildPhase section */

/* Begin PBXGroup section */
		86CF1E3C1C74DE9500AA3DBA = {
			isa = PBXGroup;
			children = (
				86CF1E471C74DE9500AA3DBA /* tapper */,
				86CF1E461C74DE9500AA3DBA /* Products */,
			);
			sourceTree = "<group>";
		};
		86CF1E461C74DE9500AA3DBA /* Products */ = {
			isa = PBXGroup;
			children = (
				86CF1E451C74DE9500AA3DBA /* tapper.app */,
			);
			name = Products;
			sourceTree = "<group>";
		};
		86CF1E471C74DE9500AA3DBA /* tapper */ = {
			isa = PBXGroup;
			children = (
				86CF1E481C74DE9500AA3DBA /* AppDelegate.swift */,
				86CF1E4A1C74DE9500AA3DBA /* ViewController.swift */,
				86CF1E4C1C74DE9500AA3DBA /* Main.storyboard */,
				86CF1E4F1C74DE9500AA3DBA /* Assets.xcassets */,
				86CF1E511C74DE9500AA3DBA /* LaunchScreen.storyboard */,
				86CF1E541C74DE9500AA3DBA /* Info.plist */,
			);
			path = tapper;
			sourceTree = "<group>";
		};
/* End PBXGroup section */

/* Begin PBXNativeTarget section */
		86CF1E441C74DE9500AA3DBA /* tapper */ = {
			isa = PBXNativeTarget;
			buildConfigurationList = 86CF1E571C74DE9500AA3DBA /* Build configuration list for PBXNativeTarget "tapper" */;
			buildPhases = (
				86CF1E411C74DE9500AA3DBA /* Sources */,
				86CF1E421C74DE9500AA3DBA /* Frameworks */,
				86CF1E431C74DE9500AA3DBA /* Resources */,
			);
			buildRules = (
			);
			dependencies = (
			);
			name = tapper;
			productName = tapper;
			productReference = 86CF1E451C74DE9500AA3DBA /* tapper.app */;
			productType = "com.apple.product-type.application";
		};
/* End PBXNativeTarget section */

/* Begin PBXProject section */
		86CF1E3D1C74DE9500AA3DBA /* Project object */ = {
			isa = PBXProject;
			attributes = {
				LastSwiftUpdateCheck = 0720;
				LastUpgradeCheck = 0720;
				ORGANIZATIONNAME = "Josef Hill";
				TargetAttributes = {
					86CF1E441C74DE9500AA3DBA = {
						CreatedOnToolsVersion = 7.2.1;
						DevelopmentTeam = P2B6KTUMFZ;
					};
				};
			};
			buildConfigurationList = 86CF1E401C74DE9500AA3DBA /* Build configuration list for PBXProject "tapper" */;
			compatibilityVersion = "Xcode 3.2";
			developmentRegion = English;
			hasScannedForEncodings = 0;
			knownRegions = (
				en,
				Base,
			);
			mainGroup = 86CF1E3C1C74DE9500AA3DBA;
			productRefGroup = 86CF1E461C74DE9500AA3DBA /* Products */;
			projectDirPath = "";
			projectRoot = "";
			targets = (
				86CF1E441C74DE9500AA3DBA /* tapper */,
			);
		};
/* End PBXProject section */

/* Begin PBXResourcesBuildPhase section */
		86CF1E431C74DE9500AA3DBA /* Resources */ = {
			isa = PBXResourcesBuildPhase;
			buildActionMask = 2147483647;
			files = (
				86CF1E531C74DE9500AA3DBA /* LaunchScreen.storyboard in Resources */,
				86CF1E501C74DE9500AA3DBA /* Assets.xcassets in Resources */,
				86CF1E4E1C74DE9500AA3DBA /* Main.storyboard in Resources */,
			);
			runOnlyForDeploymentPostprocessing = 0;
		};
/* End PBXResourcesBuildPhase section */

/* Begin PBXSourcesBuildPhase section */
		86CF1E411C74DE9500AA3DBA /* Sources */ = {
			isa = PBXSourcesBuildPhase;
			buildActionMask = 2147483647;
			files = (
				86CF1E4B1C74DE9500AA3DBA /* ViewController.swift in Sources */,
				86CF1E491C74DE9500AA3DBA /* AppDelegate.swift in Sources */,
			);
			runOnlyForDeploymentPostprocessing = 0;
		};
/* End PBXSourcesBuildPhase section */

/* Begin PBXVariantGroup section */
		86CF1E4C1C74DE9500AA3DBA /* Main.storyboard */ = {
			isa = PBXVariantGroup;
			children = (
				86CF1E4D1C74DE9500AA3DBA /* Base */,
			);
			name = Main.storyboard;
			sourceTree = "<group>";
		};
		86CF1E511C74DE9500AA3DBA /* LaunchScreen.storyboard */ = {
			isa = PBXVariantGroup;
			children = (
				86CF1E521C74DE9500AA3DBA /* Base */,
			);
			name = LaunchScreen.storyboard;
			sourceTree = "<group>";
		};
/* End PBXVariantGroup section */

/* Begin XCBuildConfiguration section */
		86CF1E551C74DE9500AA3DBA /* Debug */ = {
			isa = XCBuildConfiguration;
			buildSettings = {
				ALWAYS_SEARCH_USER_PATHS = NO;
				CLANG_CXX_LANGUAGE_STANDARD = "gnu++0x";
				CLANG_CXX_LIBRARY = "libc++";
				CLANG_ENABLE_MODULES = YES;
				CLANG_ENABLE_OBJC_ARC = YES;
				CLANG_WARN_BOOL_CONVERSION = YES;
				CLANG_WARN_CONSTANT_CONVERSION = YES;
				CLANG_WARN_DIRECT_OBJC_ISA_USAGE = YES_ERROR;
				CLANG_WARN_EMPTY_BODY = YES;
				CLANG_WARN_ENUM_CONVERSION = YES;
				CLANG_WARN_INT_CONVERSION = YES;
				CLANG_WARN_OBJC_ROOT_CLASS = YES_ERROR;
				CLANG_WARN_UNREACHABLE_CODE = YES;
				CLANG_WARN__DUPLICATE_METHOD_MATCH = YES;
				"CODE_SIGN_IDENTITY[sdk=iphoneos*]" = "iPhone Developer";
				COPY_PHASE_STRIP = NO;
				DEBUG_INFORMATION_FORMAT = dwarf;
				ENABLE_STRICT_OBJC_MSGSEND = YES;
				ENABLE_TESTABILITY = YES;
				GCC_C_LANGUAGE_STANDARD = gnu99;
				GCC_DYNAMIC_NO_PIC = NO;
				GCC_NO_COMMON_BLOCKS = YES;
				GCC_OPTIMIZATION_LEVEL = 0;
				GCC_PREPROCESSOR_DEFINITIONS = (
					"DEBUG=1",
					"$(inherited)",
				);
				GCC_WARN_64_TO_32_BIT_CONVERSION = YES;
				GCC_WARN_ABOUT_RETURN_TYPE = YES_ERROR;
				GCC_WARN_UNDECLARED_SELECTOR = YES;
				GCC_WARN_UNINITIALIZED_AUTOS = YES_AGGRESSIVE;
				GCC_WARN_UNUSED_FUNCTION = YES;
				GCC_WARN_UNUSED_VARIABLE = YES;
				IPHONEOS_DEPLOYMENT_TARGET = 9.2;
				MTL_ENABLE_DEBUG_INFO = YES;
				ONLY_ACTIVE_ARCH = YES;
				SDKROOT = iphoneos;
				SWIFT_OPTIMIZATION_LEVEL = "-Onone";
			};
			name = Debug;
		};
		86CF1E561C74DE9500AA3DBA /* Release */ = {
			isa = XCBuildConfiguration;
			buildSettings = {
				ALWAYS_SEARCH_USER_PATHS = NO;
				CLANG_CXX_LANGUAGE_STANDARD = "gnu++0x";
				CLANG_CXX_LIBRARY = "libc++";
				CLANG_ENABLE_MODULES = YES;
				CLANG_ENABLE_OBJC_ARC = YES;
				CLANG_WARN_BOOL_CONVERSION = YES;
				CLANG_WARN_CONSTANT_CONVERSION = YES;
				CLANG_WARN_DIRECT_OBJC_ISA_USAGE = YES_ERROR;
				CLANG_WARN_EMPTY_BODY = YES;
				CLANG_WARN_ENUM_CONVERSION = YES;
				CLANG_WARN_INT_CONVERSION = YES;
				CLANG_WARN_OBJC_ROOT_CLASS = YES_ERROR;
				CLANG_WARN_UNREACHABLE_CODE = YES;
				CLANG_WARN__DUPLICATE_METHOD_MATCH = YES;
				"CODE_SIGN_IDENTITY[sdk=iphoneos*]" = "iPhone Developer";
				COPY_PHASE_STRIP = NO;
				DEBUG_INFORMATION_FORMAT = "dwarf-with-dsym";
				ENABLE_NS_ASSERTIONS = NO;
				ENABLE_STRICT_OBJC_MSGSEND = YES;
				GCC_C_LANGUAGE_STANDARD = gnu99;
				GCC_NO_COMMON_BLOCKS = YES;
				GCC_WARN_64_TO_32_BIT_CONVERSION = YES;
				GCC_WARN_ABOUT_RETURN_TYPE = YES_ERROR;
				GCC_WARN_UNDECLARED_SELECTOR = YES;
				GCC_WARN_UNINITIALIZED_AUTOS = YES_AGGRESSIVE;
				GCC_WARN_UNUSED_FUNCTION = YES;
				GCC_WARN_UNUSED_VARIABLE = YES;
				IPHONEOS_DEPLOYMENT_TARGET = 9.2;
				MTL_ENABLE_DEBUG_INFO = NO;
				SDKROOT = iphoneos;
				VALIDATE_PRODUCT = YES;
			};
			name = Release;
		};
		86CF1E581C74DE9500AA3DBA /* Debug */ = {
			isa = XCBuildConfiguration;
			buildSettings = {
				ASSETCATALOG_COMPILER_APPICON_NAME = AppIcon;
				INFOPLIST_FILE = tapper/Info.plist;
				LD_RUNPATH_SEARCH_PATHS = "$(inherited) @executable_path/Frameworks";
				PRODUCT_BUNDLE_IDENTIFIER = uk.co.katatonic.tapper;
				PRODUCT_NAME = "$(TARGET_NAME)";
			};
			name = Debug;
		};
		86CF1E591C74DE9500AA3DBA /* Release */ = {
			isa = XCBuildConfiguration;
			buildSettings = {
				ASSETCATALOG_COMPILER_APPICON_NAME = AppIcon;
				INFOPLIST_FILE = tapper/Info.plist;
				LD_RUNPATH_SEARCH_PATHS = "$(inherited) @executable_path/Frameworks";
				PRODUCT_BUNDLE_IDENTIFIER = uk.co.katatonic.tapper;
				PRODUCT_NAME = "$(TARGET_NAME)";
			};
			name = Release;
		};
/* End XCBuildConfiguration section */

/* Begin XCConfigurationList section */
		86CF1E401C74DE9500AA3DBA /* Build configuration list for PBXProject "tapper" */ = {
			isa = XCConfigurationList;
			buildConfigurations = (
				86CF1E551C74DE9500AA3DBA /* Debug */,
				86CF1E561C74DE9500AA3DBA /* Release */,
			);
			defaultConfigurationIsVisible = 0;
			defaultConfigurationName = Release;
		};
		86CF1E571C74DE9500AA3DBA /* Build configuration list for PBXNativeTarget "tapper" */ = {
			isa = XCConfigurationList;
			buildConfigurations = (
				86CF1E581C74DE9500AA3DBA /* Debug */,
				86CF1E591C74DE9500AA3DBA /* Release */,
			);
			defaultConfigurationIsVisible = 0;
		};
/* End XCConfigurationList section */
	};
	rootObject = 86CF1E3D1C74DE9500AA3DBA /* Project object */;
}
